
Microsoft Visual Studio Solution File, Format Version 12.00
# Visual Studio Version 17
VisualStudioVersion = 17.0.31903.59
MinimumVisualStudioVersion = 10.0.40219.1
Project("{2150E333-8FDC-42A3-9474-1A3956D46DE8}") = "src", "src", "{827E0CD3-B72D-47B6-A68D-7590B98EB39B}"
EndProject
Project("{FAE04EC0-301F-11D3-BF4B-00C04F79EFBC}") = "WorkoutTracker.Domain", "src\WorkoutTracker.Domain\WorkoutTracker.Domain.csproj", "{02C4FA0D-90A6-45F7-A05D-0F73B8BC8F4D}"
EndProject
Project("{FAE04EC0-301F-11D3-BF4B-00C04F79EFBC}") = "WorkoutTracker.Application", "src\WorkoutTracker.Application\WorkoutTracker.Application.csproj", "{51EE856A-B81B-413B-8A8F-DA2F858E9049}"
EndProject
Project("{FAE04EC0-301F-11D3-BF4B-00C04F79EFBC}") = "WorkoutTracker.Persistence", "src\WorkoutTracker.Persistence\WorkoutTracker.Persistence.csproj", "{6518E56E-128C-4EE2-8A8F-62B19263A8FC}"
EndProject
Project("{FAE04EC0-301F-11D3-BF4B-00C04F79EFBC}") = "WorkoutTracker.Infrastructure", "src\WorkoutTracker.Infrastructure\WorkoutTracker.Infrastructure.csproj", "{EA7E6C0C-AE05-43C7-B589-DA7CD916232F}"
EndProject
Project("{FAE04EC0-301F-11D3-BF4B-00C04F79EFBC}") = "WorkoutTracker.Web.Presentation", "src\WorkoutTracker.Web.Presentation\WorkoutTracker.Web.Presentation.csproj", "{60AA1D8B-2DA5-49E1-8B28-63CDAB2F4C66}"
EndProject
Project("{FAE04EC0-301F-11D3-BF4B-00C04F79EFBC}") = "WorkoutTracker.Web.Host", "src\WorkoutTracker.Web.Host\WorkoutTracker.Web.Host.csproj", "{22A1A3FA-AD90-41FD-BB63-DCFC5C80DC74}"
EndProject
Project("{2150E333-8FDC-42A3-9474-1A3956D46DE8}") = "tests", "tests", "{0AB3BF05-4346-4AA6-1389-037BE0695223}"
EndProject
Project("{FAE04EC0-301F-11D3-BF4B-00C04F79EFBC}") = "WorkoutTracker.Architecture.Tests", "tests\WorkoutTracker.Architecture.Tests\WorkoutTracker.Architecture.Tests.csproj", "{77989D06-ECB2-426D-80E5-A57CE280DB2A}"
EndProject
Project("{FAE04EC0-301F-11D3-BF4B-00C04F79EFBC}") = "WorkoutTracker.Domain.Tests", "tests\WorkoutTracker.Domain.Tests\WorkoutTracker.Domain.Tests.csproj", "{208D9D9F-A328-46C5-850D-C1ABB6271944}"
EndProject
Project("{FAE04EC0-301F-11D3-BF4B-00C04F79EFBC}") = "WorkoutTracker.Application.Tests", "tests\WorkoutTracker.Application.Tests\WorkoutTracker.Application.Tests.csproj", "{678B26D8-5D3A-4F5C-AFBA-ABDC763F2841}"
EndProject
Global
	GlobalSection(SolutionConfigurationPlatforms) = preSolution
		Debug|Any CPU = Debug|Any CPU
		Debug|x64 = Debug|x64
		Debug|x86 = Debug|x86
		Release|Any CPU = Release|Any CPU
		Release|x64 = Release|x64
		Release|x86 = Release|x86
	EndGlobalSection
	GlobalSection(ProjectConfigurationPlatforms) = postSolution
		{02C4FA0D-90A6-45F7-A05D-0F73B8BC8F4D}.Debug|Any CPU.ActiveCfg = Debug|Any CPU
		{02C4FA0D-90A6-45F7-A05D-0F73B8BC8F4D}.Debug|Any CPU.Build.0 = Debug|Any CPU
		{02C4FA0D-90A6-45F7-A05D-0F73B8BC8F4D}.Debug|x64.ActiveCfg = Debug|Any CPU
		{02C4FA0D-90A6-45F7-A05D-0F73B8BC8F4D}.Debug|x64.Build.0 = Debug|Any CPU
		{02C4FA0D-90A6-45F7-A05D-0F73B8BC8F4D}.Debug|x86.ActiveCfg = Debug|Any CPU
		{02C4FA0D-90A6-45F7-A05D-0F73B8BC8F4D}.Debug|x86.Build.0 = Debug|Any CPU
		{02C4FA0D-90A6-45F7-A05D-0F73B8BC8F4D}.Release|Any CPU.ActiveCfg = Release|Any CPU
		{02C4FA0D-90A6-45F7-A05D-0F73B8BC8F4D}.Release|Any CPU.Build.0 = Release|Any CPU
		{02C4FA0D-90A6-45F7-A05D-0F73B8BC8F4D}.Release|x64.ActiveCfg = Release|Any CPU
		{02C4FA0D-90A6-45F7-A05D-0F73B8BC8F4D}.Release|x64.Build.0 = Release|Any CPU
		{02C4FA0D-90A6-45F7-A05D-0F73B8BC8F4D}.Release|x86.ActiveCfg = Release|Any CPU
		{02C4FA0D-90A6-45F7-A05D-0F73B8BC8F4D}.Release|x86.Build.0 = Release|Any CPU
		{51EE856A-B81B-413B-8A8F-DA2F858E9049}.Debug|Any CPU.ActiveCfg = Debug|Any CPU
		{51EE856A-B81B-413B-8A8F-DA2F858E9049}.Debug|Any CPU.Build.0 = Debug|Any CPU
		{51EE856A-B81B-413B-8A8F-DA2F858E9049}.Debug|x64.ActiveCfg = Debug|Any CPU
		{51EE856A-B81B-413B-8A8F-DA2F858E9049}.Debug|x64.Build.0 = Debug|Any CPU
		{51EE856A-B81B-413B-8A8F-DA2F858E9049}.Debug|x86.ActiveCfg = Debug|Any CPU
		{51EE856A-B81B-413B-8A8F-DA2F858E9049}.Debug|x86.Build.0 = Debug|Any CPU
		{51EE856A-B81B-413B-8A8F-DA2F858E9049}.Release|Any CPU.ActiveCfg = Release|Any CPU
		{51EE856A-B81B-413B-8A8F-DA2F858E9049}.Release|Any CPU.Build.0 = Release|Any CPU
		{51EE856A-B81B-413B-8A8F-DA2F858E9049}.Release|x64.ActiveCfg = Release|Any CPU
		{51EE856A-B81B-413B-8A8F-DA2F858E9049}.Release|x64.Build.0 = Release|Any CPU
		{51EE856A-B81B-413B-8A8F-DA2F858E9049}.Release|x86.ActiveCfg = Release|Any CPU
		{51EE856A-B81B-413B-8A8F-DA2F858E9049}.Release|x86.Build.0 = Release|Any CPU
		{6518E56E-128C-4EE2-8A8F-62B19263A8FC}.Debug|Any CPU.ActiveCfg = Debug|Any CPU
		{6518E56E-128C-4EE2-8A8F-62B19263A8FC}.Debug|Any CPU.Build.0 = Debug|Any CPU
		{6518E56E-128C-4EE2-8A8F-62B19263A8FC}.Debug|x64.ActiveCfg = Debug|Any CPU
		{6518E56E-128C-4EE2-8A8F-62B19263A8FC}.Debug|x64.Build.0 = Debug|Any CPU
		{6518E56E-128C-4EE2-8A8F-62B19263A8FC}.Debug|x86.ActiveCfg = Debug|Any CPU
		{6518E56E-128C-4EE2-8A8F-62B19263A8FC}.Debug|x86.Build.0 = Debug|Any CPU
		{6518E56E-128C-4EE2-8A8F-62B19263A8FC}.Release|Any CPU.ActiveCfg = Release|Any CPU
		{6518E56E-128C-4EE2-8A8F-62B19263A8FC}.Release|Any CPU.Build.0 = Release|Any CPU
		{6518E56E-128C-4EE2-8A8F-62B19263A8FC}.Release|x64.ActiveCfg = Release|Any CPU
		{6518E56E-128C-4EE2-8A8F-62B19263A8FC}.Release|x64.Build.0 = Release|Any CPU
		{6518E56E-128C-4EE2-8A8F-62B19263A8FC}.Release|x86.ActiveCfg = Release|Any CPU
		{6518E56E-128C-4EE2-8A8F-62B19263A8FC}.Release|x86.Build.0 = Release|Any CPU
		{EA7E6C0C-AE05-43C7-B589-DA7CD916232F}.Debug|Any CPU.ActiveCfg = Debug|Any CPU
		{EA7E6C0C-AE05-43C7-B589-DA7CD916232F}.Debug|Any CPU.Build.0 = Debug|Any CPU
		{EA7E6C0C-AE05-43C7-B589-DA7CD916232F}.Debug|x64.ActiveCfg = Debug|Any CPU
		{EA7E6C0C-AE05-43C7-B589-DA7CD916232F}.Debug|x64.Build.0 = Debug|Any CPU
		{EA7E6C0C-AE05-43C7-B589-DA7CD916232F}.Debug|x86.ActiveCfg = Debug|Any CPU
		{EA7E6C0C-AE05-43C7-B589-DA7CD916232F}.Debug|x86.Build.0 = Debug|Any CPU
		{EA7E6C0C-AE05-43C7-B589-DA7CD916232F}.Release|Any CPU.ActiveCfg = Release|Any CPU
		{EA7E6C0C-AE05-43C7-B589-DA7CD916232F}.Release|Any CPU.Build.0 = Release|Any CPU
		{EA7E6C0C-AE05-43C7-B589-DA7CD916232F}.Release|x64.ActiveCfg = Release|Any CPU
		{EA7E6C0C-AE05-43C7-B589-DA7CD916232F}.Release|x64.Build.0 = Release|Any CPU
		{EA7E6C0C-AE05-43C7-B589-DA7CD916232F}.Release|x86.ActiveCfg = Release|Any CPU
		{EA7E6C0C-AE05-43C7-B589-DA7CD916232F}.Release|x86.Build.0 = Release|Any CPU
		{60AA1D8B-2DA5-49E1-8B28-63CDAB2F4C66}.Debug|Any CPU.ActiveCfg = Debug|Any CPU
		{60AA1D8B-2DA5-49E1-8B28-63CDAB2F4C66}.Debug|Any CPU.Build.0 = Debug|Any CPU
		{60AA1D8B-2DA5-49E1-8B28-63CDAB2F4C66}.Debug|x64.ActiveCfg = Debug|Any CPU
		{60AA1D8B-2DA5-49E1-8B28-63CDAB2F4C66}.Debug|x64.Build.0 = Debug|Any CPU
		{60AA1D8B-2DA5-49E1-8B28-63CDAB2F4C66}.Debug|x86.ActiveCfg = Debug|Any CPU
		{60AA1D8B-2DA5-49E1-8B28-63CDAB2F4C66}.Debug|x86.Build.0 = Debug|Any CPU
		{60AA1D8B-2DA5-49E1-8B28-63CDAB2F4C66}.Release|Any CPU.ActiveCfg = Release|Any CPU
		{60AA1D8B-2DA5-49E1-8B28-63CDAB2F4C66}.Release|Any CPU.Build.0 = Release|Any CPU
		{60AA1D8B-2DA5-49E1-8B28-63CDAB2F4C66}.Release|x64.ActiveCfg = Release|Any CPU
		{60AA1D8B-2DA5-49E1-8B28-63CDAB2F4C66}.Release|x64.Build.0 = Release|Any CPU
		{60AA1D8B-2DA5-49E1-8B28-63CDAB2F4C66}.Release|x86.ActiveCfg = Release|Any CPU
		{60AA1D8B-2DA5-49E1-8B28-63CDAB2F4C66}.Release|x86.Build.0 = Release|Any CPU
		{22A1A3FA-AD90-41FD-BB63-DCFC5C80DC74}.Debug|Any CPU.ActiveCfg = Debug|Any CPU
		{22A1A3FA-AD90-41FD-BB63-DCFC5C80DC74}.Debug|Any CPU.Build.0 = Debug|Any CPU
		{22A1A3FA-AD90-41FD-BB63-DCFC5C80DC74}.Debug|x64.ActiveCfg = Debug|Any CPU
		{22A1A3FA-AD90-41FD-BB63-DCFC5C80DC74}.Debug|x64.Build.0 = Debug|Any CPU
		{22A1A3FA-AD90-41FD-BB63-DCFC5C80DC74}.Debug|x86.ActiveCfg = Debug|Any CPU
		{22A1A3FA-AD90-41FD-BB63-DCFC5C80DC74}.Debug|x86.Build.0 = Debug|Any CPU
		{22A1A3FA-AD90-41FD-BB63-DCFC5C80DC74}.Release|Any CPU.ActiveCfg = Release|Any CPU
		{22A1A3FA-AD90-41FD-BB63-DCFC5C80DC74}.Release|Any CPU.Build.0 = Release|Any CPU
		{22A1A3FA-AD90-41FD-BB63-DCFC5C80DC74}.Release|x64.ActiveCfg = Release|Any CPU
		{22A1A3FA-AD90-41FD-BB63-DCFC5C80DC74}.Release|x64.Build.0 = Release|Any CPU
		{22A1A3FA-AD90-41FD-BB63-DCFC5C80DC74}.Release|x86.ActiveCfg = Release|Any CPU
		{22A1A3FA-AD90-41FD-BB63-DCFC5C80DC74}.Release|x86.Build.0 = Release|Any CPU
		{77989D06-ECB2-426D-80E5-A57CE280DB2A}.Debug|Any CPU.ActiveCfg = Debug|Any CPU
		{77989D06-ECB2-426D-80E5-A57CE280DB2A}.Debug|Any CPU.Build.0 = Debug|Any CPU
		{77989D06-ECB2-426D-80E5-A57CE280DB2A}.Debug|x64.ActiveCfg = Debug|Any CPU
		{77989D06-ECB2-426D-80E5-A57CE280DB2A}.Debug|x64.Build.0 = Debug|Any CPU
		{77989D06-ECB2-426D-80E5-A57CE280DB2A}.Debug|x86.ActiveCfg = Debug|Any CPU
		{77989D06-ECB2-426D-80E5-A57CE280DB2A}.Debug|x86.Build.0 = Debug|Any CPU
		{77989D06-ECB2-426D-80E5-A57CE280DB2A}.Release|Any CPU.ActiveCfg = Release|Any CPU
		{77989D06-ECB2-426D-80E5-A57CE280DB2A}.Release|Any CPU.Build.0 = Release|Any CPU
		{77989D06-ECB2-426D-80E5-A57CE280DB2A}.Release|x64.ActiveCfg = Release|Any CPU
		{77989D06-ECB2-426D-80E5-A57CE280DB2A}.Release|x64.Build.0 = Release|Any CPU
		{77989D06-ECB2-426D-80E5-A57CE280DB2A}.Release|x86.ActiveCfg = Release|Any CPU
		{77989D06-ECB2-426D-80E5-A57CE280DB2A}.Release|x86.Build.0 = Release|Any CPU
		{208D9D9F-A328-46C5-850D-C1ABB6271944}.Debug|Any CPU.ActiveCfg = Debug|Any CPU
		{208D9D9F-A328-46C5-850D-C1ABB6271944}.Debug|Any CPU.Build.0 = Debug|Any CPU
		{208D9D9F-A328-46C5-850D-C1ABB6271944}.Debug|x64.ActiveCfg = Debug|Any CPU
		{208D9D9F-A328-46C5-850D-C1ABB6271944}.Debug|x64.Build.0 = Debug|Any CPU
		{208D9D9F-A328-46C5-850D-C1ABB6271944}.Debug|x86.ActiveCfg = Debug|Any CPU
		{208D9D9F-A328-46C5-850D-C1ABB6271944}.Debug|x86.Build.0 = Debug|Any CPU
		{208D9D9F-A328-46C5-850D-C1ABB6271944}.Release|Any CPU.ActiveCfg = Release|Any CPU
		{208D9D9F-A328-46C5-850D-C1ABB6271944}.Release|Any CPU.Build.0 = Release|Any CPU
		{208D9D9F-A328-46C5-850D-C1ABB6271944}.Release|x64.ActiveCfg = Release|Any CPU
		{208D9D9F-A328-46C5-850D-C1ABB6271944}.Release|x64.Build.0 = Release|Any CPU
		{208D9D9F-A328-46C5-850D-C1ABB6271944}.Release|x86.ActiveCfg = Release|Any CPU
		{208D9D9F-A328-46C5-850D-C1ABB6271944}.Release|x86.Build.0 = Release|Any CPU
		{678B26D8-5D3A-4F5C-AFBA-ABDC763F2841}.Debug|Any CPU.ActiveCfg = Debug|Any CPU
		{678B26D8-5D3A-4F5C-AFBA-ABDC763F2841}.Debug|Any CPU.Build.0 = Debug|Any CPU
		{678B26D8-5D3A-4F5C-AFBA-ABDC763F2841}.Debug|x64.ActiveCfg = Debug|Any CPU
		{678B26D8-5D3A-4F5C-AFBA-ABDC763F2841}.Debug|x64.Build.0 = Debug|Any CPU
		{678B26D8-5D3A-4F5C-AFBA-ABDC763F2841}.Debug|x86.ActiveCfg = Debug|Any CPU
		{678B26D8-5D3A-4F5C-AFBA-ABDC763F2841}.Debug|x86.Build.0 = Debug|Any CPU
		{678B26D8-5D3A-4F5C-AFBA-ABDC763F2841}.Release|Any CPU.ActiveCfg = Release|Any CPU
		{678B26D8-5D3A-4F5C-AFBA-ABDC763F2841}.Release|Any CPU.Build.0 = Release|Any CPU
		{678B26D8-5D3A-4F5C-AFBA-ABDC763F2841}.Release|x64.ActiveCfg = Release|Any CPU
		{678B26D8-5D3A-4F5C-AFBA-ABDC763F2841}.Release|x64.Build.0 = Release|Any CPU
		{678B26D8-5D3A-4F5C-AFBA-ABDC763F2841}.Release|x86.ActiveCfg = Release|Any CPU
		{678B26D8-5D3A-4F5C-AFBA-ABDC763F2841}.Release|x86.Build.0 = Release|Any CPU
	EndGlobalSection
	GlobalSection(SolutionProperties) = preSolution
		HideSolutionNode = FALSE
	EndGlobalSection
	GlobalSection(NestedProjects) = preSolution
		{02C4FA0D-90A6-45F7-A05D-0F73B8BC8F4D} = {827E0CD3-B72D-47B6-A68D-7590B98EB39B}
		{51EE856A-B81B-413B-8A8F-DA2F858E9049} = {827E0CD3-B72D-47B6-A68D-7590B98EB39B}
		{6518E56E-128C-4EE2-8A8F-62B19263A8FC} = {827E0CD3-B72D-47B6-A68D-7590B98EB39B}
		{EA7E6C0C-AE05-43C7-B589-DA7CD916232F} = {827E0CD3-B72D-47B6-A68D-7590B98EB39B}
		{60AA1D8B-2DA5-49E1-8B28-63CDAB2F4C66} = {827E0CD3-B72D-47B6-A68D-7590B98EB39B}
		{22A1A3FA-AD90-41FD-BB63-DCFC5C80DC74} = {827E0CD3-B72D-47B6-A68D-7590B98EB39B}
		{77989D06-ECB2-426D-80E5-A57CE280DB2A} = {0AB3BF05-4346-4AA6-1389-037BE0695223}
		{208D9D9F-A328-46C5-850D-C1ABB6271944} = {0AB3BF05-4346-4AA6-1389-037BE0695223}
		{678B26D8-5D3A-4F5C-AFBA-ABDC763F2841} = {0AB3BF05-4346-4AA6-1389-037BE0695223}
	EndGlobalSection
EndGlobal
